
Microsoft Visual Studio Solution File, Format Version 12.00
# Visual Studio Version 16
VisualStudioVersion = 16.0.31424.327
MinimumVisualStudioVersion = 10.0.40219.1
Project("{FAE04EC0-301F-11D3-BF4B-00C04F79EFBC}") = "RestWidthASP.NET5", "RestWidthASP.NET5\RestWidthASP.NET5.csproj", "{7403CC42-1924-44B4-AFFC-222FC4425350}"
EndProject
Global
	GlobalSection(SolutionConfigurationPlatforms) = preSolution
		Debug|Any CPU = Debug|Any CPU
		Release|Any CPU = Release|Any CPU
	EndGlobalSection
	GlobalSection(ProjectConfigurationPlatforms) = postSolution
		{7403CC42-1924-44B4-AFFC-222FC4425350}.Debug|Any CPU.ActiveCfg = Debug|Any CPU
		{7403CC42-1924-44B4-AFFC-222FC4425350}.Debug|Any CPU.Build.0 = Debug|Any CPU
		{7403CC42-1924-44B4-AFFC-222FC4425350}.Release|Any CPU.ActiveCfg = Release|Any CPU
		{7403CC42-1924-44B4-AFFC-222FC4425350}.Release|Any CPU.Build.0 = Release|Any CPU
	EndGlobalSection
	GlobalSection(SolutionProperties) = preSolution
		HideSolutionNode = FALSE
	EndGlobalSection
	GlobalSection(ExtensibilityGlobals) = postSolution
		SolutionGuid = {20A52846-AFF3-4276-93B9-E8B4F31AC15B}
	EndGlobalSection
EndGlobal
